
Microsoft Visual Studio Solution File, Format Version 12.00
# Visual Studio 2013
VisualStudioVersion = 12.0.21005.1
MinimumVisualStudioVersion = 10.0.40219.1
Project("{FAE04EC0-301F-11D3-BF4B-00C04F79EFBC}") = "ALG2", "ALG2.csproj", "{F613869D-DFA8-4BD5-8BD8-6429AB4D9166}"
EndProject
Project("{FAE04EC0-301F-11D3-BF4B-00C04F79EFBC}") = "week2", "..\week2\week2.csproj", "{A421A583-5B1B-484F-A29B-DD4CBB0139CD}"
EndProject
Project("{FAE04EC0-301F-11D3-BF4B-00C04F79EFBC}") = "week3", "..\week3\week3.csproj", "{F920B6A4-D608-464D-A129-02263407E171}"
EndProject
Project("{FAE04EC0-301F-11D3-BF4B-00C04F79EFBC}") = "week3b", "week3b\week3b.csproj", "{BAC5E80E-F1DF-45FC-AE7C-90706C4C373A}"
EndProject
Project("{FAE04EC0-301F-11D3-BF4B-00C04F79EFBC}") = "week4", "..\week4\week4.csproj", "{96936BFE-E916-4DE4-9FB2-C4CD418090D6}"
EndProject
Global
	GlobalSection(SolutionConfigurationPlatforms) = preSolution
		Debug|Any CPU = Debug|Any CPU
		Release|Any CPU = Release|Any CPU
	EndGlobalSection
	GlobalSection(ProjectConfigurationPlatforms) = postSolution
		{F613869D-DFA8-4BD5-8BD8-6429AB4D9166}.Debug|Any CPU.ActiveCfg = Debug|Any CPU
		{F613869D-DFA8-4BD5-8BD8-6429AB4D9166}.Debug|Any CPU.Build.0 = Debug|Any CPU
		{F613869D-DFA8-4BD5-8BD8-6429AB4D9166}.Release|Any CPU.ActiveCfg = Release|Any CPU
		{F613869D-DFA8-4BD5-8BD8-6429AB4D9166}.Release|Any CPU.Build.0 = Release|Any CPU
		{A421A583-5B1B-484F-A29B-DD4CBB0139CD}.Debug|Any CPU.ActiveCfg = Debug|Any CPU
		{A421A583-5B1B-484F-A29B-DD4CBB0139CD}.Debug|Any CPU.Build.0 = Debug|Any CPU
		{A421A583-5B1B-484F-A29B-DD4CBB0139CD}.Release|Any CPU.ActiveCfg = Release|Any CPU
		{A421A583-5B1B-484F-A29B-DD4CBB0139CD}.Release|Any CPU.Build.0 = Release|Any CPU
		{F920B6A4-D608-464D-A129-02263407E171}.Debug|Any CPU.ActiveCfg = Debug|Any CPU
		{F920B6A4-D608-464D-A129-02263407E171}.Debug|Any CPU.Build.0 = Debug|Any CPU
		{F920B6A4-D608-464D-A129-02263407E171}.Release|Any CPU.ActiveCfg = Release|Any CPU
		{F920B6A4-D608-464D-A129-02263407E171}.Release|Any CPU.Build.0 = Release|Any CPU
		{BAC5E80E-F1DF-45FC-AE7C-90706C4C373A}.Debug|Any CPU.ActiveCfg = Debug|Any CPU
		{BAC5E80E-F1DF-45FC-AE7C-90706C4C373A}.Debug|Any CPU.Build.0 = Debug|Any CPU
		{BAC5E80E-F1DF-45FC-AE7C-90706C4C373A}.Release|Any CPU.ActiveCfg = Release|Any CPU
		{BAC5E80E-F1DF-45FC-AE7C-90706C4C373A}.Release|Any CPU.Build.0 = Release|Any CPU
		{96936BFE-E916-4DE4-9FB2-C4CD418090D6}.Debug|Any CPU.ActiveCfg = Debug|Any CPU
		{96936BFE-E916-4DE4-9FB2-C4CD418090D6}.Debug|Any CPU.Build.0 = Debug|Any CPU
		{96936BFE-E916-4DE4-9FB2-C4CD418090D6}.Release|Any CPU.ActiveCfg = Release|Any CPU
		{96936BFE-E916-4DE4-9FB2-C4CD418090D6}.Release|Any CPU.Build.0 = Release|Any CPU
	EndGlobalSection
	GlobalSection(SolutionProperties) = preSolution
		HideSolutionNode = FALSE
	EndGlobalSection
EndGlobal
